// !$*UTF8*$!
{
	archiveVersion = 1;
	classes = {
	};
	objectVersion = 56;
	objects = {

/* Begin PBXBuildFile section */
		181091272B669017008C76ED /* FavouriteViewModel.swift in Sources */ = {isa = PBXBuildFile; fileRef = 181091262B669017008C76ED /* FavouriteViewModel.swift */; };
		1810912C2B66C31C008C76ED /* CartViewModel.swift in Sources */ = {isa = PBXBuildFile; fileRef = 1810912B2B66C31C008C76ED /* CartViewModel.swift */; };
		181CAD782B60FA4700F1B583 /* TummocShoppingApp.swift in Sources */ = {isa = PBXBuildFile; fileRef = 181CAD772B60FA4700F1B583 /* TummocShoppingApp.swift */; };
		181CAD7A2B60FA4700F1B583 /* HomeScreen.swift in Sources */ = {isa = PBXBuildFile; fileRef = 181CAD792B60FA4700F1B583 /* HomeScreen.swift */; };
		181CAD7C2B60FA4800F1B583 /* Assets.xcassets in Resources */ = {isa = PBXBuildFile; fileRef = 181CAD7B2B60FA4800F1B583 /* Assets.xcassets */; };
		181CAD7F2B60FA4800F1B583 /* Preview Assets.xcassets in Resources */ = {isa = PBXBuildFile; fileRef = 181CAD7E2B60FA4800F1B583 /* Preview Assets.xcassets */; };
		181CAD8D2B6151A000F1B583 /* FavouriteView.swift in Sources */ = {isa = PBXBuildFile; fileRef = 181CAD8C2B6151A000F1B583 /* FavouriteView.swift */; };
		181CAD8F2B6158E800F1B583 /* CartView.swift in Sources */ = {isa = PBXBuildFile; fileRef = 181CAD8E2B6158E800F1B583 /* CartView.swift */; };
		181CAD912B6161E400F1B583 /* HomeModel.swift in Sources */ = {isa = PBXBuildFile; fileRef = 181CAD902B6161E400F1B583 /* HomeModel.swift */; };
		181CAD932B6163B900F1B583 /* HomeViewModel.swift in Sources */ = {isa = PBXBuildFile; fileRef = 181CAD922B6163B900F1B583 /* HomeViewModel.swift */; };
		181CAD952B61649B00F1B583 /* shopping.json in Resources */ = {isa = PBXBuildFile; fileRef = 181CAD942B61649B00F1B583 /* shopping.json */; };
		1849242C2B66586300B4298D /* CoreDataManager.swift in Sources */ = {isa = PBXBuildFile; fileRef = 1849242B2B66586300B4298D /* CoreDataManager.swift */; };
		1849242F2B66636A00B4298D /* TummocDataModel.xcdatamodeld in Sources */ = {isa = PBXBuildFile; fileRef = 1849242D2B66636A00B4298D /* TummocDataModel.xcdatamodeld */; };
		187B3BCA2B7206AA0087B303 /* ProfileView.swift in Sources */ = {isa = PBXBuildFile; fileRef = 187B3BC92B7206AA0087B303 /* ProfileView.swift */; };
		18E4A7A02B720C1500D8CA3A /* ProfileViewModel.swift in Sources */ = {isa = PBXBuildFile; fileRef = 18E4A79F2B720C1500D8CA3A /* ProfileViewModel.swift */; };
/* End PBXBuildFile section */

/* Begin PBXFileReference section */
		181091262B669017008C76ED /* FavouriteViewModel.swift */ = {isa = PBXFileReference; lastKnownFileType = sourcecode.swift; path = FavouriteViewModel.swift; sourceTree = "<group>"; };
		1810912B2B66C31C008C76ED /* CartViewModel.swift */ = {isa = PBXFileReference; lastKnownFileType = sourcecode.swift; path = CartViewModel.swift; sourceTree = "<group>"; };
		181CAD742B60FA4700F1B583 /* TummocShopping.app */ = {isa = PBXFileReference; explicitFileType = wrapper.application; includeInIndex = 0; path = TummocShopping.app; sourceTree = BUILT_PRODUCTS_DIR; };
		181CAD772B60FA4700F1B583 /* TummocShoppingApp.swift */ = {isa = PBXFileReference; lastKnownFileType = sourcecode.swift; path = TummocShoppingApp.swift; sourceTree = "<group>"; };
		181CAD792B60FA4700F1B583 /* HomeScreen.swift */ = {isa = PBXFileReference; lastKnownFileType = sourcecode.swift; path = HomeScreen.swift; sourceTree = "<group>"; };
		181CAD7B2B60FA4800F1B583 /* Assets.xcassets */ = {isa = PBXFileReference; lastKnownFileType = folder.assetcatalog; path = Assets.xcassets; sourceTree = "<group>"; };
		181CAD7E2B60FA4800F1B583 /* Preview Assets.xcassets */ = {isa = PBXFileReference; lastKnownFileType = folder.assetcatalog; path = "Preview Assets.xcassets"; sourceTree = "<group>"; };
		181CAD8C2B6151A000F1B583 /* FavouriteView.swift */ = {isa = PBXFileReference; lastKnownFileType = sourcecode.swift; path = FavouriteView.swift; sourceTree = "<group>"; };
		181CAD8E2B6158E800F1B583 /* CartView.swift */ = {isa = PBXFileReference; lastKnownFileType = sourcecode.swift; path = CartView.swift; sourceTree = "<group>"; };
		181CAD902B6161E400F1B583 /* HomeModel.swift */ = {isa = PBXFileReference; lastKnownFileType = sourcecode.swift; path = HomeModel.swift; sourceTree = "<group>"; };
		181CAD922B6163B900F1B583 /* HomeViewModel.swift */ = {isa = PBXFileReference; lastKnownFileType = sourcecode.swift; path = HomeViewModel.swift; sourceTree = "<group>"; };
		181CAD942B61649B00F1B583 /* shopping.json */ = {isa = PBXFileReference; fileEncoding = 4; lastKnownFileType = text.json; path = shopping.json; sourceTree = "<group>"; };
		1849242B2B66586300B4298D /* CoreDataManager.swift */ = {isa = PBXFileReference; lastKnownFileType = sourcecode.swift; path = CoreDataManager.swift; sourceTree = "<group>"; };
		1849242E2B66636A00B4298D /* TummocDataModel.xcdatamodel */ = {isa = PBXFileReference; lastKnownFileType = wrapper.xcdatamodel; path = TummocDataModel.xcdatamodel; sourceTree = "<group>"; };
		187B3BC92B7206AA0087B303 /* ProfileView.swift */ = {isa = PBXFileReference; lastKnownFileType = sourcecode.swift; path = ProfileView.swift; sourceTree = "<group>"; };
		18E4A79F2B720C1500D8CA3A /* ProfileViewModel.swift */ = {isa = PBXFileReference; lastKnownFileType = sourcecode.swift; path = ProfileViewModel.swift; sourceTree = "<group>"; };
/* End PBXFileReference section */

/* Begin PBXFrameworksBuildPhase section */
		181CAD712B60FA4700F1B583 /* Frameworks */ = {
			isa = PBXFrameworksBuildPhase;
			buildActionMask = 2147483647;
			files = (
			);
			runOnlyForDeploymentPostprocessing = 0;
		};
/* End PBXFrameworksBuildPhase section */

/* Begin PBXGroup section */
		181091282B66C1D1008C76ED /* Favourite */ = {
			isa = PBXGroup;
			children = (
				181CAD8C2B6151A000F1B583 /* FavouriteView.swift */,
				181091262B669017008C76ED /* FavouriteViewModel.swift */,
			);
			path = Favourite;
			sourceTree = "<group>";
		};
		181091292B66C1E5008C76ED /* Home */ = {
			isa = PBXGroup;
			children = (
				181CAD792B60FA4700F1B583 /* HomeScreen.swift */,
				181CAD902B6161E400F1B583 /* HomeModel.swift */,
				181CAD922B6163B900F1B583 /* HomeViewModel.swift */,
			);
			path = Home;
			sourceTree = "<group>";
		};
		1810912A2B66C1F7008C76ED /* Cart */ = {
			isa = PBXGroup;
			children = (
				181CAD8E2B6158E800F1B583 /* CartView.swift */,
				1810912B2B66C31C008C76ED /* CartViewModel.swift */,
			);
			path = Cart;
			sourceTree = "<group>";
		};
		181CAD6B2B60FA4700F1B583 = {
			isa = PBXGroup;
			children = (
				181CAD762B60FA4700F1B583 /* TummocShopping */,
				181CAD752B60FA4700F1B583 /* Products */,
			);
			sourceTree = "<group>";
		};
		181CAD752B60FA4700F1B583 /* Products */ = {
			isa = PBXGroup;
			children = (
				181CAD742B60FA4700F1B583 /* TummocShopping.app */,
			);
			name = Products;
			sourceTree = "<group>";
		};
		181CAD762B60FA4700F1B583 /* TummocShopping */ = {
			isa = PBXGroup;
			children = (
				181CAD772B60FA4700F1B583 /* TummocShoppingApp.swift */,
				181091292B66C1E5008C76ED /* Home */,
				1810912A2B66C1F7008C76ED /* Cart */,
				181091282B66C1D1008C76ED /* Favourite */,
				187B3BCB2B7206AE0087B303 /* Profile */,
				1849242B2B66586300B4298D /* CoreDataManager.swift */,
				1849242D2B66636A00B4298D /* TummocDataModel.xcdatamodeld */,
				181CAD7B2B60FA4800F1B583 /* Assets.xcassets */,
				181CAD942B61649B00F1B583 /* shopping.json */,
				181CAD7D2B60FA4800F1B583 /* Preview Content */,
			);
			path = TummocShopping;
			sourceTree = "<group>";
		};
		181CAD7D2B60FA4800F1B583 /* Preview Content */ = {
			isa = PBXGroup;
			children = (
				181CAD7E2B60FA4800F1B583 /* Preview Assets.xcassets */,
			);
			path = "Preview Content";
			sourceTree = "<group>";
		};
		187B3BCB2B7206AE0087B303 /* Profile */ = {
			isa = PBXGroup;
			children = (
				187B3BC92B7206AA0087B303 /* ProfileView.swift */,
				18E4A79F2B720C1500D8CA3A /* ProfileViewModel.swift */,
			);
			path = Profile;
			sourceTree = "<group>";
		};
/* End PBXGroup section */

/* Begin PBXNativeTarget section */
		181CAD732B60FA4700F1B583 /* TummocShopping */ = {
			isa = PBXNativeTarget;
			buildConfigurationList = 181CAD872B60FA4800F1B583 /* Build configuration list for PBXNativeTarget "TummocShopping" */;
			buildPhases = (
				181CAD702B60FA4700F1B583 /* Sources */,
				181CAD712B60FA4700F1B583 /* Frameworks */,
				181CAD722B60FA4700F1B583 /* Resources */,
			);
			buildRules = (
			);
			dependencies = (
			);
			name = TummocShopping;
			productName = TummocShopping;
			productReference = 181CAD742B60FA4700F1B583 /* TummocShopping.app */;
			productType = "com.apple.product-type.application";
		};
/* End PBXNativeTarget section */

/* Begin PBXProject section */
		181CAD6C2B60FA4700F1B583 /* Project object */ = {
			isa = PBXProject;
			attributes = {
				BuildIndependentTargetsInParallel = 1;
				LastSwiftUpdateCheck = 1500;
				LastUpgradeCheck = 1500;
				TargetAttributes = {
					181CAD732B60FA4700F1B583 = {
						CreatedOnToolsVersion = 15.0;
					};
				};
			};
			buildConfigurationList = 181CAD6F2B60FA4700F1B583 /* Build configuration list for PBXProject "TummocShopping" */;
			compatibilityVersion = "Xcode 14.0";
			developmentRegion = en;
			hasScannedForEncodings = 0;
			knownRegions = (
				en,
				Base,
			);
			mainGroup = 181CAD6B2B60FA4700F1B583;
			productRefGroup = 181CAD752B60FA4700F1B583 /* Products */;
			projectDirPath = "";
			projectRoot = "";
			targets = (
				181CAD732B60FA4700F1B583 /* TummocShopping */,
			);
		};
/* End PBXProject section */

/* Begin PBXResourcesBuildPhase section */
		181CAD722B60FA4700F1B583 /* Resources */ = {
			isa = PBXResourcesBuildPhase;
			buildActionMask = 2147483647;
			files = (
				181CAD7F2B60FA4800F1B583 /* Preview Assets.xcassets in Resources */,
				181CAD952B61649B00F1B583 /* shopping.json in Resources */,
				181CAD7C2B60FA4800F1B583 /* Assets.xcassets in Resources */,
			);
			runOnlyForDeploymentPostprocessing = 0;
		};
/* End PBXResourcesBuildPhase section */

/* Begin PBXSourcesBuildPhase section */
		181CAD702B60FA4700F1B583 /* Sources */ = {
			isa = PBXSourcesBuildPhase;
			buildActionMask = 2147483647;
			files = (
				181CAD8F2B6158E800F1B583 /* CartView.swift in Sources */,
				181CAD932B6163B900F1B583 /* HomeViewModel.swift in Sources */,
				181CAD912B6161E400F1B583 /* HomeModel.swift in Sources */,
				1849242F2B66636A00B4298D /* TummocDataModel.xcdatamodeld in Sources */,
				181CAD8D2B6151A000F1B583 /* FavouriteView.swift in Sources */,
				181091272B669017008C76ED /* FavouriteViewModel.swift in Sources */,
				18E4A7A02B720C1500D8CA3A /* ProfileViewModel.swift in Sources */,
				1810912C2B66C31C008C76ED /* CartViewModel.swift in Sources */,
				1849242C2B66586300B4298D /* CoreDataManager.swift in Sources */,
				181CAD7A2B60FA4700F1B583 /* HomeScreen.swift in Sources */,
				187B3BCA2B7206AA0087B303 /* ProfileView.swift in Sources */,
				181CAD782B60FA4700F1B583 /* TummocShoppingApp.swift in Sources */,
			);
			runOnlyForDeploymentPostprocessing = 0;
		};
/* End PBXSourcesBuildPhase section */

/* Begin XCBuildConfiguration section */
		181CAD852B60FA4800F1B583 /* Debug */ = {
			isa = XCBuildConfiguration;
			buildSettings = {
				ALWAYS_SEARCH_USER_PATHS = NO;
				ASSETCATALOG_COMPILER_GENERATE_SWIFT_ASSET_SYMBOL_EXTENSIONS = YES;
				CLANG_ANALYZER_NONNULL = YES;
				CLANG_ANALYZER_NUMBER_OBJECT_CONVERSION = YES_AGGRESSIVE;
				CLANG_CXX_LANGUAGE_STANDARD = "gnu++20";
				CLANG_ENABLE_MODULES = YES;
				CLANG_ENABLE_OBJC_ARC = YES;
				CLANG_ENABLE_OBJC_WEAK = YES;
				CLANG_WARN_BLOCK_CAPTURE_AUTORELEASING = YES;
				CLANG_WARN_BOOL_CONVERSION = YES;
				CLANG_WARN_COMMA = YES;
				CLANG_WARN_CONSTANT_CONVERSION = YES;
				CLANG_WARN_DEPRECATED_OBJC_IMPLEMENTATIONS = YES;
				CLANG_WARN_DIRECT_OBJC_ISA_USAGE = YES_ERROR;
				CLANG_WARN_DOCUMENTATION_COMMENTS = YES;
				CLANG_WARN_EMPTY_BODY = YES;
				CLANG_WARN_ENUM_CONVERSION = YES;
				CLANG_WARN_INFINITE_RECURSION = YES;
				CLANG_WARN_INT_CONVERSION = YES;
				CLANG_WARN_NON_LITERAL_NULL_CONVERSION = YES;
				CLANG_WARN_OBJC_IMPLICIT_RETAIN_SELF = YES;
				CLANG_WARN_OBJC_LITERAL_CONVERSION = YES;
				CLANG_WARN_OBJC_ROOT_CLASS = YES_ERROR;
				CLANG_WARN_QUOTED_INCLUDE_IN_FRAMEWORK_HEADER = YES;
				CLANG_WARN_RANGE_LOOP_ANALYSIS = YES;
				CLANG_WARN_STRICT_PROTOTYPES = YES;
				CLANG_WARN_SUSPICIOUS_MOVE = YES;
				CLANG_WARN_UNGUARDED_AVAILABILITY = YES_AGGRESSIVE;
				CLANG_WARN_UNREACHABLE_CODE = YES;
				CLANG_WARN__DUPLICATE_METHOD_MATCH = YES;
				COPY_PHASE_STRIP = NO;
				DEBUG_INFORMATION_FORMAT = dwarf;
				ENABLE_STRICT_OBJC_MSGSEND = YES;
				ENABLE_TESTABILITY = YES;
				ENABLE_USER_SCRIPT_SANDBOXING = YES;
				GCC_C_LANGUAGE_STANDARD = gnu17;
				GCC_DYNAMIC_NO_PIC = NO;
				GCC_NO_COMMON_BLOCKS = YES;
				GCC_OPTIMIZATION_LEVEL = 0;
				GCC_PREPROCESSOR_DEFINITIONS = (
					"DEBUG=1",
					"$(inherited)",
				);
				GCC_WARN_64_TO_32_BIT_CONVERSION = YES;
				GCC_WARN_ABOUT_RETURN_TYPE = YES_ERROR;
				GCC_WARN_UNDECLARED_SELECTOR = YES;
				GCC_WARN_UNINITIALIZED_AUTOS = YES_AGGRESSIVE;
				GCC_WARN_UNUSED_FUNCTION = YES;
				GCC_WARN_UNUSED_VARIABLE = YES;
				IPHONEOS_DEPLOYMENT_TARGET = 17.0;
				LOCALIZATION_PREFERS_STRING_CATALOGS = YES;
				MTL_ENABLE_DEBUG_INFO = INCLUDE_SOURCE;
				MTL_FAST_MATH = YES;
				ONLY_ACTIVE_ARCH = YES;
				SDKROOT = iphoneos;
				SWIFT_ACTIVE_COMPILATION_CONDITIONS = "DEBUG $(inherited)";
				SWIFT_OPTIMIZATION_LEVEL = "-Onone";
			};
			name = Debug;
		};
		181CAD862B60FA4800F1B583 /* Release */ = {
			isa = XCBuildConfiguration;
			buildSettings = {
				ALWAYS_SEARCH_USER_PATHS = NO;
				ASSETCATALOG_COMPILER_GENERATE_SWIFT_ASSET_SYMBOL_EXTENSIONS = YES;
				CLANG_ANALYZER_NONNULL = YES;
				CLANG_ANALYZER_NUMBER_OBJECT_CONVERSION = YES_AGGRESSIVE;
				CLANG_CXX_LANGUAGE_STANDARD = "gnu++20";
				CLANG_ENABLE_MODULES = YES;
				CLANG_ENABLE_OBJC_ARC = YES;
				CLANG_ENABLE_OBJC_WEAK = YES;
				CLANG_WARN_BLOCK_CAPTURE_AUTORELEASING = YES;
				CLANG_WARN_BOOL_CONVERSION = YES;
				CLANG_WARN_COMMA = YES;
				CLANG_WARN_CONSTANT_CONVERSION = YES;
				CLANG_WARN_DEPRECATED_OBJC_IMPLEMENTATIONS = YES;
				CLANG_WARN_DIRECT_OBJC_ISA_USAGE = YES_ERROR;
				CLANG_WARN_DOCUMENTATION_COMMENTS = YES;
				CLANG_WARN_EMPTY_BODY = YES;
				CLANG_WARN_ENUM_CONVERSION = YES;
				CLANG_WARN_INFINITE_RECURSION = YES;
				CLANG_WARN_INT_CONVERSION = YES;
				CLANG_WARN_NON_LITERAL_NULL_CONVERSION = YES;
				CLANG_WARN_OBJC_IMPLICIT_RETAIN_SELF = YES;
				CLANG_WARN_OBJC_LITERAL_CONVERSION = YES;
				CLANG_WARN_OBJC_ROOT_CLASS = YES_ERROR;
				CLANG_WARN_QUOTED_INCLUDE_IN_FRAMEWORK_HEADER = YES;
				CLANG_WARN_RANGE_LOOP_ANALYSIS = YES;
				CLANG_WARN_STRICT_PROTOTYPES = YES;
				CLANG_WARN_SUSPICIOUS_MOVE = YES;
				CLANG_WARN_UNGUARDED_AVAILABILITY = YES_AGGRESSIVE;
				CLANG_WARN_UNREACHABLE_CODE = YES;
				CLANG_WARN__DUPLICATE_METHOD_MATCH = YES;
				COPY_PHASE_STRIP = NO;
				DEBUG_INFORMATION_FORMAT = "dwarf-with-dsym";
				ENABLE_NS_ASSERTIONS = NO;
				ENABLE_STRICT_OBJC_MSGSEND = YES;
				ENABLE_USER_SCRIPT_SANDBOXING = YES;
				GCC_C_LANGUAGE_STANDARD = gnu17;
				GCC_NO_COMMON_BLOCKS = YES;
				GCC_WARN_64_TO_32_BIT_CONVERSION = YES;
				GCC_WARN_ABOUT_RETURN_TYPE = YES_ERROR;
				GCC_WARN_UNDECLARED_SELECTOR = YES;
				GCC_WARN_UNINITIALIZED_AUTOS = YES_AGGRESSIVE;
				GCC_WARN_UNUSED_FUNCTION = YES;
				GCC_WARN_UNUSED_VARIABLE = YES;
				IPHONEOS_DEPLOYMENT_TARGET = 17.0;
				LOCALIZATION_PREFERS_STRING_CATALOGS = YES;
				MTL_ENABLE_DEBUG_INFO = NO;
				MTL_FAST_MATH = YES;
				SDKROOT = iphoneos;
				SWIFT_COMPILATION_MODE = wholemodule;
				VALIDATE_PRODUCT = YES;
			};
			name = Release;
		};
		181CAD882B60FA4800F1B583 /* Debug */ = {
			isa = XCBuildConfiguration;
			buildSettings = {
				ASSETCATALOG_COMPILER_APPICON_NAME = AppIcon;
				ASSETCATALOG_COMPILER_GLOBAL_ACCENT_COLOR_NAME = AccentColor;
				CODE_SIGN_STYLE = Automatic;
				CURRENT_PROJECT_VERSION = 1;
				DEVELOPMENT_ASSET_PATHS = "\"TummocShopping/Preview Content\"";
				DEVELOPMENT_TEAM = U4D48PAUT3;
				ENABLE_PREVIEWS = YES;
				GENERATE_INFOPLIST_FILE = YES;
				INFOPLIST_KEY_UIApplicationSceneManifest_Generation = YES;
				INFOPLIST_KEY_UIApplicationSupportsIndirectInputEvents = YES;
				INFOPLIST_KEY_UILaunchScreen_Generation = YES;
				INFOPLIST_KEY_UISupportedInterfaceOrientations_iPad = "UIInterfaceOrientationPortrait UIInterfaceOrientationPortraitUpsideDown UIInterfaceOrientationLandscapeLeft UIInterfaceOrientationLandscapeRight";
				INFOPLIST_KEY_UISupportedInterfaceOrientations_iPhone = "UIInterfaceOrientationPortrait UIInterfaceOrientationLandscapeLeft UIInterfaceOrientationLandscapeRight";
				LD_RUNPATH_SEARCH_PATHS = (
					"$(inherited)",
					"@executable_path/Frameworks",
				);
				MARKETING_VERSION = 1.0;
				PRODUCT_BUNDLE_IDENTIFIER = com.rishabhsharma.TummocShopping;
				PRODUCT_NAME = "$(TARGET_NAME)";
				SWIFT_EMIT_LOC_STRINGS = YES;
				SWIFT_VERSION = 5.0;
				TARGETED_DEVICE_FAMILY = "1,2";
			};
			name = Debug;
		};
		181CAD892B60FA4800F1B583 /* Release */ = {
			isa = XCBuildConfiguration;
			buildSettings = {
				ASSETCATALOG_COMPILER_APPICON_NAME = AppIcon;
				ASSETCATALOG_COMPILER_GLOBAL_ACCENT_COLOR_NAME = AccentColor;
				CODE_SIGN_STYLE = Automatic;
				CURRENT_PROJECT_VERSION = 1;
				DEVELOPMENT_ASSET_PATHS = "\"TummocShopping/Preview Content\"";
				DEVELOPMENT_TEAM = U4D48PAUT3;
				ENABLE_PREVIEWS = YES;
				GENERATE_INFOPLIST_FILE = YES;
				INFOPLIST_KEY_UIApplicationSceneManifest_Generation = YES;
				INFOPLIST_KEY_UIApplicationSupportsIndirectInputEvents = YES;
				INFOPLIST_KEY_UILaunchScreen_Generation = YES;
				INFOPLIST_KEY_UISupportedInterfaceOrientations_iPad = "UIInterfaceOrientationPortrait UIInterfaceOrientationPortraitUpsideDown UIInterfaceOrientationLandscapeLeft UIInterfaceOrientationLandscapeRight";
				INFOPLIST_KEY_UISupportedInterfaceOrientations_iPhone = "UIInterfaceOrientationPortrait UIInterfaceOrientationLandscapeLeft UIInterfaceOrientationLandscapeRight";
				LD_RUNPATH_SEARCH_PATHS = (
					"$(inherited)",
					"@executable_path/Frameworks",
				);
				MARKETING_VERSION = 1.0;
				PRODUCT_BUNDLE_IDENTIFIER = com.rishabhsharma.TummocShopping;
				PRODUCT_NAME = "$(TARGET_NAME)";
				SWIFT_EMIT_LOC_STRINGS = YES;
				SWIFT_VERSION = 5.0;
				TARGETED_DEVICE_FAMILY = "1,2";
			};
			name = Release;
		};
/* End XCBuildConfiguration section */

/* Begin XCConfigurationList section */
		181CAD6F2B60FA4700F1B583 /* Build configuration list for PBXProject "TummocShopping" */ = {
			isa = XCConfigurationList;
			buildConfigurations = (
				181CAD852B60FA4800F1B583 /* Debug */,
				181CAD862B60FA4800F1B583 /* Release */,
			);
			defaultConfigurationIsVisible = 0;
			defaultConfigurationName = Release;
		};
		181CAD872B60FA4800F1B583 /* Build configuration list for PBXNativeTarget "TummocShopping" */ = {
			isa = XCConfigurationList;
			buildConfigurations = (
				181CAD882B60FA4800F1B583 /* Debug */,
				181CAD892B60FA4800F1B583 /* Release */,
			);
			defaultConfigurationIsVisible = 0;
			defaultConfigurationName = Release;
		};
/* End XCConfigurationList section */

/* Begin XCVersionGroup section */
		1849242D2B66636A00B4298D /* TummocDataModel.xcdatamodeld */ = {
			isa = XCVersionGroup;
			children = (
				1849242E2B66636A00B4298D /* TummocDataModel.xcdatamodel */,
			);
			currentVersion = 1849242E2B66636A00B4298D /* TummocDataModel.xcdatamodel */;
			path = TummocDataModel.xcdatamodeld;
			sourceTree = "<group>";
			versionGroupType = wrapper.xcdatamodel;
		};
/* End XCVersionGroup section */
	};
	rootObject = 181CAD6C2B60FA4700F1B583 /* Project object */;
}
